version = 1
revision = 3
requires-python = ">=3.12"

[[package]]
name = "dulwich"
version = "1.2.12"
source = { registry = "https://pypi.org/simple" }
dependencies = [
    { name = "urllib3" },
]
sdist = { url = "https://files.pythonhosted.org/packages/e5/73/e0ac42b16e180189e8426af41b1f29b079096088e1253d03322259945911/dulwich-1.2.12.tar.gz", hash = "sha256:1278d8ddb0a92fa4bc9f2e9b14edf0a2e140248bccc4c7c9752a1390e2ab4c64", size = 1323805, upload-time = "2026-07-19T11:16:39.472Z" }
wheels = [
    { url = "https://files.pythonhosted.org/packages/78/2b/29d5c8530da1cb07212023389defdde62119e56c35ef4148cef5fca77955/dulwich-1.2.12-cp312-cp312-macosx_10_13_x86_64.whl", hash = "sha256:9155f5f6e35b2a4d48d74a9c4ad5dcd3d88ebf97677eb5c6f78ac3dd940eefbe", size = 1374692, upload-time = "2026-07-19T11:15:47.247Z" },
    { url = "https://files.pythonhosted.org/packages/6f/93/bebfd89d18472df6fedd0f5a9fb5ad1ef7fd88074d23ac8a8c12c05ccb33/dulwich-1.2.12-cp312-cp312-macosx_11_0_arm64.whl", hash = "sha256:af7560e02c12aa7d6bdb8414bcde8c236a10d8f32db5c9e71e6cfdbe3e7d5795", size = 1357770, upload-time = "2026-07-19T11:15:48.987Z" },
    { url = "https://files.pythonhosted.org/packages/74/bf/bd1911442a955316de7588d760b4bd5dcdaba4e858c9e6ff50523464efa1/dulwich-1.2.12-cp312-cp312-manylinux_2_28_aarch64.whl", hash = "sha256:2b4c64f4b73fe1e720b55653bcb80fc7b75aa2b8f2eb58075199b117ef0351e5", size = 1438162, upload-time = "2026-07-19T11:15:50.789Z" },
    { url = "https://files.pythonhosted.org/packages/66/8b/96e9731d18c6101b76c8a8bd51641e01c4a287bdc511263fdf9f76835d07/dulwich-1.2.12-cp312-cp312-manylinux_2_28_x86_64.whl", hash = "sha256:1d45f2b3023425a8f1d40fb4e097410f8b367f4d4e9f9e698a2daa9fd07d99e2", size = 1513381, upload-time = "2026-07-19T11:15:52.595Z" },
    { url = "https://files.pythonhosted.org/packages/5d/35/16f5a6065442f8a648a38ad78de90fc3d29281e86ef76421f31584cac123/dulwich-1.2.12-cp312-cp312-win32.whl", hash = "sha256:ba7bddba355c6232600f435cfdf83399c5b31c9a5dab21cc2847b78968a0f715", size = 1042147, upload-time = "2026-07-19T11:15:54.313Z" },
    { url = "https://files.pythonhosted.org/packages/46/49/cac7f9da6059a3ab357c86892859c435466a0fcc49454c97c28ac8e8cd79/dulwich-1.2.12-cp312-cp312-win_amd64.whl", hash = "sha256:90d1280a7f29a316851a8afef87d1cf3ab26cdfa450d480a8aafe63681244088", size = 1100266, upload-time = "2026-07-19T11:15:56.23Z" },
    { url = "https://files.pythonhosted.org/packages/66/bf/7354f4e528f0b1dc2bb90757e53b7bef52612deb99a21c5bf4e6f469f938/dulwich-1.2.12-cp313-cp313-android_24_arm64_v8a.whl", hash = "sha256:3a1d23a95ffa11077e34a7d311977403dc473c6b68697542b22c6f82b946023c", size = 1509163, upload-time = "2026-07-19T11:15:57.998Z" },
    { url = "https://files.pythonhosted.org/packages/e9/f0/61949a517412c10134063a50e8ce72d118781681922bfaabc18b66f62a4e/dulwich-1.2.12-cp313-cp313-android_24_x86_64.whl", hash = "sha256:49b5ce37703507654af6b37b5b632c31719e9bf38be062c1152e429e00998cdc", size = 1501049, upload-time = "2026-07-19T11:16:00.112Z" },
    { url = "https://files.pythonhosted.org/packages/fe/60/126654fb2c62b4beb2696cee1c273e8722d75306908193cae7df18d21ee8/dulwich-1.2.12-cp313-cp313-macosx_10_13_x86_64.whl", hash = "sha256:cc081b45790e95909339f44cfc6942f1f350727130c159efc8a5b51b62f361d8", size = 1375378, upload-time = "2026-07-19T11:16:01.667Z" },
    { url = "https://files.pythonhosted.org/packages/1a/1e/cd7394fb00553788f686fe74dc17ff7b0d4206c438de9b8ea9f61b7135cf/dulwich-1.2.12-cp313-cp313-macosx_11_0_arm64.whl", hash = "sha256:97d560c4a7bf90d3b12ec5cc5ba0b094cb0aed207532deb50838b547d11b4558", size = 1358430, upload-time = "2026-07-19T11:16:03.239Z" },
    { url = "https://files.pythonhosted.org/packages/62/75/2f4ae730c5da503aacd2d2b060e521f60f15b94974f3d9a0dbd0250f0181/dulwich-1.2.12-cp313-cp313-manylinux_2_28_aarch64.whl", hash = "sha256:56ae2f9df731a138d471e4d8f269aba433ad71168a17750cc6282cde960edd5b", size = 1438385, upload-time = "2026-07-19T11:16:05.592Z" },
    { url = "https://files.pythonhosted.org/packages/6f/dd/3fede2a6b4d273426aabb6c48c860832c2a8a7c52e77b03a73ecbcc4a73f/dulwich-1.2.12-cp313-cp313-manylinux_2_28_x86_64.whl", hash = "sha256:6549b88612b47a2e0b6749f9169c70ad392a0eae5490a030694819da3414da17", size = 1512216, upload-time = "2026-07-19T11:16:07.198Z" },
    { url = "https://files.pythonhosted.org/packages/d3/0a/155894ff2a5d0830a802b63774dce38a34439b480a73dec04cfc48d2122a/dulwich-1.2.12-cp313-cp313-win32.whl", hash = "sha256:b8e85c49bca1b3cbdf16c4df66ff8251de3b66dee460619c35f463697164155f", size = 1042324, upload-time = "2026-07-19T11:16:08.691Z" },
    { url = "https://files.pythonhosted.org/packages/31/c0/cd0d20e0c6550313007ab0728595e34278672b550f4497ae951ae9ceb334/dulwich-1.2.12-cp313-cp313-win_amd64.whl", hash = "sha256:a536382b7fd4a5ac6da6b2c25713eb0db247f3d9e54e8978fd308f7f8d73d736", size = 1100051, upload-time = "2026-07-19T11:16:10.494Z" },
    { url = "https://files.pythonhosted.org/packages/df/64/5ddb773c16b77eee8afcc5904a9a9b4a10a86a5ae55e50cad850e494c465/dulwich-1.2.12-cp314-cp314-android_24_arm64_v8a.whl", hash = "sha256:cdf4348b581d3779a7197714148a0ad79c5c8ca8cb9be910a92f09ed3489e179", size = 1512182, upload-time = "2026-07-19T11:16:12.171Z" },
    { url = "https://files.pythonhosted.org/packages/91/01/0560297b39903572f0997b7d9906061e66bc0f31025bb365fcfd44b49199/dulwich-1.2.12-cp314-cp314-android_24_x86_64.whl", hash = "sha256:7c89af3e8217878abafcfc94c96e88845577a31f411c70eb21c84172d921a689", size = 1549956, upload-time = "2026-07-19T11:16:13.909Z" },
    { url = "https://files.pythonhosted.org/packages/f4/59/a132009948f46f0350bf717ffdf534aacea10700e50cb20d7009fb1cd80f/dulwich-1.2.12-cp314-cp314-macosx_10_15_x86_64.whl", hash = "sha256:d40db45756bbd449ce148cc961cffe31dfdade9465c24e2754b6e240ba004ffb", size = 1378120, upload-time = "2026-07-19T11:16:15.581Z" },
    { url = "https://files.pythonhosted.org/packages/ee/68/d007b61d316903c8cff3a42f05c828f48264781ee49145def88f5601b262/dulwich-1.2.12-cp314-cp314-macosx_11_0_arm64.whl", hash = "sha256:3e68f58b33b357c77a7254ce305b8d7301279d7301f590566cf4807c7da5f4a2", size = 1361095, upload-time = "2026-07-19T11:16:17.227Z" },
    { url = "https://files.pythonhosted.org/packages/5d/c7/9e7d8c20059cca725ef6e312bcf880f9ba5b185fdb60aafc6e8f5cd3f8de/dulwich-1.2.12-cp314-cp314-manylinux_2_28_aarch64.whl", hash = "sha256:d6b6cc65237777e2cb6c9cab0ce0265ef9d887b63d46cf888499e8b5664fb89f", size = 1485902, upload-time = "2026-07-19T11:16:18.963Z" },
    { url = "https://files.pythonhosted.org/packages/75/e5/6385536ab16dad76e4df7f9946cded898a25462987f7cb7147c153a48910/dulwich-1.2.12-cp314-cp314-manylinux_2_28_x86_64.whl", hash = "sha256:6005a37dda836208079788928876091efeb374e3d6f6df2ed799e1303f5828c5", size = 1514655, upload-time = "2026-07-19T11:16:20.627Z" },
    { url = "https://files.pythonhosted.org/packages/2b/50/23e8bb5bcd5da753ddf3de86d87c414421be875cb502ac544c65606538cd/dulwich-1.2.12-cp314-cp314-win32.whl", hash = "sha256:d7f1ff233081ab644f35e90a0ef169f8d9ee46a72820a3fbf8476f9665e79800", size = 1097847, upload-time = "2026-07-19T11:16:22.962Z" },
    { url = "https://files.pythonhosted.org/packages/a3/0a/d9c86cac95bad48292efa47195e9ac6e3137198c4e20ed7f354418bc375b/dulwich-1.2.12-cp314-cp314-win_amd64.whl", hash = "sha256:b41a430bdc2bdab159b43205411e8cd19ac1ea24d238b69ede4d3808c4ec03a7", size = 1111503, upload-time = "2026-07-19T11:16:24.704Z" },
    { url = "https://files.pythonhosted.org/packages/71/4e/035ec46c4abb89aa445e337679dba72e8ab54c4dde37b782ea959bc19c18/dulwich-1.2.12-cp314-cp314t-macosx_10_15_x86_64.whl", hash = "sha256:370bc3a9cbc4be41f0a215572c178ba922d9a8bdfd789ff204a94383d1e5b12f", size = 1375358, upload-time = "2026-07-19T11:16:26.844Z" },
    { url = "https://files.pythonhosted.org/packages/5c/c9/3e86036ca9214f66809c54149ed21462cfcb4c9db8c7a4a15657c854e4dc/dulwich-1.2.12-cp314-cp314t-macosx_11_0_arm64.whl", hash = "sha256:1b3f05a0f4d090c06308da294ece0356b40a6136f3c211bd13a3cf45d68b2299", size = 1402368, upload-time = "2026-07-19T11:16:29.212Z" },
    { url = "https://files.pythonhosted.org/packages/24/cc/c8766b44ffdbd50fe9e1a4c904489bac6adeab9f20a400c09b1dc6dfe121/dulwich-1.2.12-cp314-cp314t-manylinux_2_28_aarch64.whl", hash = "sha256:cb24269e682ccf2ecafce582409534ebb93ec2d109e660d0f43791f91dd1580e", size = 1439417, upload-time = "2026-07-19T11:16:31.004Z" },
    { url = "https://files.pythonhosted.org/packages/fb/85/adcced39b14408409db58f1a31d2d9837e92d940297256e6167be26e049a/dulwich-1.2.12-cp314-cp314t-manylinux_2_28_x86_64.whl", hash = "sha256:4d832dc29697c4a6d3b18ce7c46e015035a62e18a9c546c85636024210b07c82", size = 1468567, upload-time = "2026-07-19T11:16:32.629Z" },
    { url = "https://files.pythonhosted.org/packages/cc/1c/6d64309c1fc04829c9c92c7bf5b820713e0b94c3a70659af4728b4163c1b/dulwich-1.2.12-cp314-cp314t-win32.whl", hash = "sha256:3a6159a32220aa4c3d60a0ce76ce20cefa22c610f83381aa288317cb81999fac", size = 1050649, upload-time = "2026-07-19T11:16:34.348Z" },
    { url = "https://files.pythonhosted.org/packages/ee/66/ec2605e47123025479f3e1c0f6d21199add60d41889dcce605bb4e4dc1ad/dulwich-1.2.12-cp314-cp314t-win_amd64.whl", hash = "sha256:b4301446d72fcdbe9703065e88a82f4c1f176d87514bd2444a8234047e1f42a6", size = 1067770, upload-time = "2026-07-19T11:16:35.944Z" },
    { url = "https://files.pythonhosted.org/packages/33/67/6c1a89af18f160a9d7311fddbd62068e347c2bf6cfada8530ebfd4e75b8b/dulwich-1.2.12-py3-none-any.whl", hash = "sha256:713de88063b80ab37d707e7aff17e403efb236156e09c34c149ada48d48b6e96", size = 715939, upload-time = "2026-07-19T11:16:37.722Z" },
]

[[package]]
name = "lenskit-docs"
version = "0.1.0"
source = { editable = "." }
dependencies = [
    { name = "dulwich" },
    { name = "packaging" },
]

[package.dev-dependencies]
dev = [
    { name = "ruff" },
]

[package.metadata]
requires-dist = [
    { name = "dulwich", specifier = ">=0.24.7" },
    { name = "packaging", specifier = ">=25.0" },
]

[package.metadata.requires-dev]
dev = [{ name = "ruff", specifier = ">=0.14.2" }]

[[package]]
name = "packaging"
version = "26.2"
source = { registry = "https://pypi.org/simple" }
sdist = { url = "https://files.pythonhosted.org/packages/d7/f1/e7a6dd94a8d4a5626c03e4e99c87f241ba9e350cd9e6d75123f992427270/packaging-26.2.tar.gz", hash = "sha256:ff452ff5a3e828ce110190feff1178bb1f2ea2281fa2075aadb987c2fb221661", size = 228134, upload-time = "2026-04-24T20:15:23.917Z" }
wheels = [
    { url = "https://files.pythonhosted.org/packages/df/b2/87e62e8c3e2f4b32e5fe99e0b86d576da1312593b39f47d8ceef365e95ed/packaging-26.2-py3-none-any.whl", hash = "sha256:5fc45236b9446107ff2415ce77c807cee2862cb6fac22b8a73826d0693b0980e", size = 100195, upload-time = "2026-04-24T20:15:22.081Z" },
]

[[package]]
name = "ruff"
version = "0.16.1"
source = { registry = "https://pypi.org/simple" }
sdist = { url = "https://files.pythonhosted.org/packages/70/25/7113f6d5498888c5fb7db34081cba7d5971c4cb1bfb26819966eee68f003/ruff-0.16.1.tar.gz", hash = "sha256:fedad7c801dabd3fb9741d76aca39246e6ddd9ca446a015875207bf19f1e6bc7", size = 4877500, upload-time = "2026-07-30T19:37:01.379Z" }
wheels = [
    { url = "https://files.pythonhosted.org/packages/1b/bd/694da69368e0973de65df2ddc73ab18d43c469d5963d9b150911de6bc513/ruff-0.16.1-py3-none-linux_armv6l.whl", hash = "sha256:58edb313b88f0c5460a26adf5f39a37a3be789494a15e3e411e35fa78b89f9a0", size = 10839126, upload-time = "2026-07-30T19:36:13.697Z" },
    { url = "https://files.pythonhosted.org/packages/3f/f0/b626e5d5bd0dd9576263658ef12885e2288afd1029a48e26ffed65ec1ac1/ruff-0.16.1-py3-none-macosx_10_12_x86_64.whl", hash = "sha256:fde5a99e2f97479af66edd6622c6d5a2a7592c77cf4153d9e4428f5eeb55b60c", size = 11070253, upload-time = "2026-07-30T19:36:17.14Z" },
    { url = "https://files.pythonhosted.org/packages/83/63/f40acfb6b35b88623e71684942b552c3edd96035f5d98f313815f7b277de/ruff-0.16.1-py3-none-macosx_11_0_arm64.whl", hash = "sha256:e0d4c20532fca4f7fa609369161d968dd28f65d83dabbd61d8e9c7edbf7001f6", size = 10561425, upload-time = "2026-07-30T19:36:20.04Z" },
    { url = "https://files.pythonhosted.org/packages/aa/dd/14ec0e9c2b4d315547dd38765004b4863e354e1b52cb308272215d9f6f6d/ruff-0.16.1-py3-none-manylinux_2_17_aarch64.manylinux2014_aarch64.whl", hash = "sha256:30affbcedf59ad5703d9c91f82266e02b47739f797e1a7b6e158e5526a6dae38", size = 10948879, upload-time = "2026-07-30T19:36:22.476Z" },
    { url = "https://files.pythonhosted.org/packages/33/e9/9d870cbae575030fdef595f04b4b97573c525b5497cce4f4498cf2f85446/ruff-0.16.1-py3-none-manylinux_2_17_armv7l.manylinux2014_armv7l.whl", hash = "sha256:24e9c631573cbca9d20f1283f8f479b2afa4a8503504822bd71a293889f16743", size = 10643691, upload-time = "2026-07-30T19:36:24.914Z" },
    { url = "https://files.pythonhosted.org/packages/c4/09/12743d544e2173f53ecd27217c65f90d2bc0f8424a66a60339e56bbc0457/ruff-0.16.1-py3-none-manylinux_2_17_i686.manylinux2014_i686.whl", hash = "sha256:b41bdd48fb420987a9b5212e4957c26ad4abce401fa9ea9d4d85843727945f4f", size = 11435354, upload-time = "2026-07-30T19:36:28.447Z" },
    { url = "https://files.pythonhosted.org/packages/7f/89/a1652b2daee52083c9554a6333b678a8b01d0400f976827bb87857f9449a/ruff-0.16.1-py3-none-manylinux_2_17_ppc64le.manylinux2014_ppc64le.whl", hash = "sha256:b0d1e1393b7648079e13669de1c1f4fde06d4583e84d8fd5c1551e0a77a2aa75", size = 12259033, upload-time = "2026-07-30T19:36:31.326Z" },
    { url = "https://files.pythonhosted.org/packages/16/96/ecdcb8c54ee7b123b487f807eb014e6e019155a0b81dfb669acd52f28ce3/ruff-0.16.1-py3-none-manylinux_2_17_s390x.manylinux2014_s390x.whl", hash = "sha256:07bf434b1c95f4e093be4532068ef4fcf00924eb2ade8796075980902d6fd54a", size = 11667981, upload-time = "2026-07-30T19:36:34.394Z" },
    { url = "https://files.pythonhosted.org/packages/cd/90/c52e12e0d862e9572f2a33aa227409143520abe53111e9a6babbac7b4af8/ruff-0.16.1-py3-none-manylinux_2_17_x86_64.manylinux2014_x86_64.whl", hash = "sha256:39897739f112253ee4fdd2e8aa9a4f9ded99fb2be367d5f31dfa4ded6025584c", size = 11468183, upload-time = "2026-07-30T19:36:37.339Z" },
    { url = "https://files.pythonhosted.org/packages/2c/6b/4ffb7ad1d83eb16cf8cbb3c8815d3f11c88460fd162d4b372a2059be1c2a/ruff-0.16.1-py3-none-manylinux_2_31_riscv64.whl", hash = "sha256:82ae3c0c0d74daf17b968a10b7b3bb3ef297ab7de0c1f749646b25e690ccb150", size = 11470071, upload-time = "2026-07-30T19:36:39.91Z" },
    { url = "https://files.pythonhosted.org/packages/9c/72/32ae7db4c0b5e32ab611787caa19d1546800676d79f7483b7100a3561bf4/ruff-0.16.1-py3-none-musllinux_1_2_aarch64.whl", hash = "sha256:4d5f2ed10f8242d83fc08d521301089364e3375375705356f20c0e31606ef3ef", size = 10919503, upload-time = "2026-07-30T19:36:42.65Z" },
    { url = "https://files.pythonhosted.org/packages/f7/ca/3d901ba6ad6fc38da39c3448fc6c59ac945679293a17c3ceb6d6c1cba13e/ruff-0.16.1-py3-none-musllinux_1_2_armv7l.whl", hash = "sha256:a4665b309891f83f3e3c25447935f1213e9abbd4b5640af7a1f2def9f8d413c1", size = 10649861, upload-time = "2026-07-30T19:36:45.18Z" },
    { url = "https://files.pythonhosted.org/packages/92/79/894ef1ced26552d5f8c9cf6d85b0687840e1128c55aeab7b9c2d54a0d880/ruff-0.16.1-py3-none-musllinux_1_2_i686.whl", hash = "sha256:26e9ca5c9bc3971f20d3cf18a957f52ffd6a5f6564ff15c4912a144dcac22494", size = 11148137, upload-time = "2026-07-30T19:36:47.936Z" },
    { url = "https://files.pythonhosted.org/packages/2d/69/3609a09fa1cb46cc28b762363e440a354204e5dff01bd0c8d7437874d6b9/ruff-0.16.1-py3-none-musllinux_1_2_x86_64.whl", hash = "sha256:67e1e1e3fa4f0c82f0e36d4cd61e661f6e7a6196cb1aa92fe0828fa7b8f257cd", size = 11559211, upload-time = "2026-07-30T19:36:50.448Z" },
    { url = "https://files.pythonhosted.org/packages/fc/8a/fb22af2fd78a736e241fabf67e30ce1799a64244026377a49e133af90762/ruff-0.16.1-py3-none-win32.whl", hash = "sha256:d31765e131295b8445caf301e3e8a85b34d1b9b211b4109b7ba457888b051806", size = 10838258, upload-time = "2026-07-30T19:36:53.298Z" },
    { url = "https://files.pythonhosted.org/packages/d4/35/e57fd9fb5d423961df087a00b12d42c0a830288dc2f3b45ecca299158b4f/ruff-0.16.1-py3-none-win_amd64.whl", hash = "sha256:09b05e8b90c2cb06ad63464350e7a45e8e44a2dfe52072ebfba6666ca8d3f596", size = 11961111, upload-time = "2026-07-30T19:36:56.107Z" },
    { url = "https://files.pythonhosted.org/packages/cb/46/240ea004bf6dc4feb40e9832f2205a476a47dd5b8a3f8211a5fc5f95e20e/ruff-0.16.1-py3-none-win_arm64.whl", hash = "sha256:dbaadaac38c70239f056d306b7476f246b0bf000fa6b3876402acbf5b227eaf8", size = 11309414, upload-time = "2026-07-30T19:36:58.79Z" },
]

[[package]]
name = "urllib3"
version = "2.7.0"
source = { registry = "https://pypi.org/simple" }
sdist = { url = "https://files.pythonhosted.org/packages/53/0c/06f8b233b8fd13b9e5ee11424ef85419ba0d8ba0b3138bf360be2ff56953/urllib3-2.7.0.tar.gz", hash = "sha256:231e0ec3b63ceb14667c67be60f2f2c40a518cb38b03af60abc813da26505f4c", size = 433602, upload-time = "2026-05-07T16:13:18.596Z" }
wheels = [
    { url = "https://files.pythonhosted.org/packages/7f/3e/5db95bcf282c52709639744ca2a8b149baccf648e39c8cc87553df9eae0c/urllib3-2.7.0-py3-none-any.whl", hash = "sha256:9fb4c81ebbb1ce9531cce37674bbc6f1360472bc18ca9a553ede278ef7276897", size = 131087, upload-time = "2026-05-07T16:13:17.151Z" },
]
