version = 1
revision = 3
requires-python = ">=3.12"

[[package]]
name = "dulwich"
version = "0.24.7"
source = { registry = "https://pypi.org/simple" }
dependencies = [
    { name = "urllib3" },
]
sdist = { url = "https://files.pythonhosted.org/packages/3a/40/ac6b7a749395edacd057278ac30cd66f15261581fe20c440327aa6fa9c5e/dulwich-0.24.7.tar.gz", hash = "sha256:f10bffa1395a8dedc3d38ac05164f761ae838a6a18f9a09a966f27dd651850d4", size = 968411, upload-time = "2025-10-23T11:01:34.894Z" }
wheels = [
    { url = "https://files.pythonhosted.org/packages/f1/0d/70e305ff1a666f157acac2bc3c73c94ce267e9112173fa2fcf852216430f/dulwich-0.24.7-cp312-cp312-macosx_11_0_arm64.whl", hash = "sha256:5cb46d76558147529d8de295f8ca22bce0a4cb62163f708c54fc92f2a8d8728f", size = 1196408, upload-time = "2025-10-23T11:01:02.388Z" },
    { url = "https://files.pythonhosted.org/packages/6f/dc/e3628cc61ecc3ff7193639728f2c2cea8865d4e0e355edd8f941a441639c/dulwich-0.24.7-cp312-cp312-manylinux_2_28_aarch64.whl", hash = "sha256:ba0a121b148dffa5cc3d5fdceb32a002cb6b75a6b79abd89750584baa5021c0b", size = 1278919, upload-time = "2025-10-23T11:01:03.932Z" },
    { url = "https://files.pythonhosted.org/packages/11/09/2a70e2bbf07ee7be5b7d5c9c4324fb18a54df99d174daca6e84c3c3f1bb5/dulwich-0.24.7-cp312-cp312-manylinux_2_28_x86_64.whl", hash = "sha256:23182ca6bd54b74109c2fb2bb70b6c34e7dc3bbcc08ecb5c6c31a3a4aa1b30c3", size = 1305337, upload-time = "2025-10-23T11:01:05.844Z" },
    { url = "https://files.pythonhosted.org/packages/5c/37/f229c33be8104703a62364f33d10582a278356f4b6e2c1ab78d85cc73b89/dulwich-0.24.7-cp312-cp312-win32.whl", hash = "sha256:1c154a8f33acd815ad990e85d230497de892dde2476e35370f5762d34a1f70fa", size = 867545, upload-time = "2025-10-23T11:01:07.526Z" },
    { url = "https://files.pythonhosted.org/packages/2a/16/5afbd1ef7927f9d0bc230121c94a991b41ed667a9e033603c9919118e7d3/dulwich-0.24.7-cp312-cp312-win_amd64.whl", hash = "sha256:19f7a90377f5814716beaaeec34897d181c200a666baf477650e0cd4c699443f", size = 884404, upload-time = "2025-10-23T11:01:09.185Z" },
    { url = "https://files.pythonhosted.org/packages/bf/09/f24980d91916c5c374b0749071d1d531a072242905c5746787531e3db32c/dulwich-0.24.7-cp313-cp313-android_21_arm64_v8a.whl", hash = "sha256:461f2a894e1045fc6faad1ca0123aac87554f5dd40cbb5772e35933f1f6f1e32", size = 1301845, upload-time = "2025-10-23T11:01:10.617Z" },
    { url = "https://files.pythonhosted.org/packages/58/72/7c122b7e3ea8d98219df58e63abbd55b5b1980bd491ac81a32dfbebf9eec/dulwich-0.24.7-cp313-cp313-android_21_x86_64.whl", hash = "sha256:c8f44cb89d85fe40fa91ec34190d70a016be917ee841591fdbe9fd7e0ff61fc2", size = 1301838, upload-time = "2025-10-23T11:01:11.894Z" },
    { url = "https://files.pythonhosted.org/packages/4a/e8/76c642258967a694fb313a3fbc0f0ca3c376292f0de60654f91cd0eefebe/dulwich-0.24.7-cp313-cp313-macosx_11_0_arm64.whl", hash = "sha256:06219dd38d553f18184dc885fbabe27d3d344ab0327d4ab3f1606617c09d8b32", size = 1197035, upload-time = "2025-10-23T11:01:13.225Z" },
    { url = "https://files.pythonhosted.org/packages/78/ec/c422e81037a537dac21a18357e1e828e67346c6f3af101821c3a089745b2/dulwich-0.24.7-cp313-cp313-manylinux_2_28_aarch64.whl", hash = "sha256:3eb5af24dd2c760701f4b7780b1a9fb5a0da731053fe5d1d0a2f92daa4c62240", size = 1278914, upload-time = "2025-10-23T11:01:14.717Z" },
    { url = "https://files.pythonhosted.org/packages/91/c3/bfaf8426ebd44d4834f7578e543727543a2ccdda8e7b40be919b857872b5/dulwich-0.24.7-cp313-cp313-manylinux_2_28_x86_64.whl", hash = "sha256:d8c42e45c217506759170b01b09e194acce1463aafd61f71fb7094b192ad09aa", size = 1304168, upload-time = "2025-10-23T11:01:16.677Z" },
    { url = "https://files.pythonhosted.org/packages/8a/52/3a7d40831ba5ab0701fc3bf67d28cc10c4fcddfc8ae5a600232837e1ffe1/dulwich-0.24.7-cp313-cp313-win32.whl", hash = "sha256:32e7e18edfad5dfb978ccf8e575b5776234110b722ea677d4e843058a1df1dd0", size = 867697, upload-time = "2025-10-23T11:01:18.654Z" },
    { url = "https://files.pythonhosted.org/packages/5a/b7/8d026a8ee3186c3a939ae41248eee47b374427547bd660088f4b8beb5920/dulwich-0.24.7-cp313-cp313-win_amd64.whl", hash = "sha256:265549c96680be1f6322cfeabb41337714c1a128824ab7e06d8c9d8a2640f4fb", size = 884367, upload-time = "2025-10-23T11:01:19.993Z" },
    { url = "https://files.pythonhosted.org/packages/0a/86/6c55c8ed6458be5eb6bbbf70190ed9dc1d3d6d7999cae1b92f6f595ad5c2/dulwich-0.24.7-cp314-cp314-android_24_arm64_v8a.whl", hash = "sha256:d29784211e7aeb84ddca1265fe7b8356556f8da531432b542084fb70e8341a00", size = 1300191, upload-time = "2025-10-23T11:01:22.006Z" },
    { url = "https://files.pythonhosted.org/packages/42/3d/68a11ed26d10aeb421f500a3b6e42c959763ef93bb2c5a00d6a75ef73750/dulwich-0.24.7-cp314-cp314-android_24_x86_64.whl", hash = "sha256:4bb0673480005c7aa331b05af77795f2612e5155fbecaaa0c3fd9da665dad420", size = 1300185, upload-time = "2025-10-23T11:01:24.138Z" },
    { url = "https://files.pythonhosted.org/packages/14/30/d5c337fcf96e2b159b61053fd5b374b80629d28267f471483a3da5577ce3/dulwich-0.24.7-py3-none-any.whl", hash = "sha256:c1d6e35d7c41982d4ba375ce8ba9db783f4b4ca1a00c62f3121eb881f5c03c53", size = 545605, upload-time = "2025-10-23T11:01:33.566Z" },
]

[[package]]
name = "lenskit-docs"
version = "0.1.0"
source = { editable = "." }
dependencies = [
    { name = "dulwich" },
    { name = "packaging" },
]

[package.dev-dependencies]
dev = [
    { name = "ruff" },
]

[package.metadata]
requires-dist = [
    { name = "dulwich", specifier = ">=0.24.7" },
    { name = "packaging", specifier = ">=25.0" },
]

[package.metadata.requires-dev]
dev = [{ name = "ruff", specifier = ">=0.14.2" }]

[[package]]
name = "packaging"
version = "25.0"
source = { registry = "https://pypi.org/simple" }
sdist = { url = "https://files.pythonhosted.org/packages/a1/d4/1fc4078c65507b51b96ca8f8c3ba19e6a61c8253c72794544580a7b6c24d/packaging-25.0.tar.gz", hash = "sha256:d443872c98d677bf60f6a1f2f8c1cb748e8fe762d2bf9d3148b5599295b0fc4f", size = 165727, upload-time = "2025-04-19T11:48:59.673Z" }
wheels = [
    { url = "https://files.pythonhosted.org/packages/20/12/38679034af332785aac8774540895e234f4d07f7545804097de4b666afd8/packaging-25.0-py3-none-any.whl", hash = "sha256:29572ef2b1f17581046b3a2227d5c611fb25ec70ca1ba8554b24b0e69331a484", size = 66469, upload-time = "2025-04-19T11:48:57.875Z" },
]

[[package]]
name = "ruff"
version = "0.14.2"
source = { registry = "https://pypi.org/simple" }
sdist = { url = "https://files.pythonhosted.org/packages/ee/34/8218a19b2055b80601e8fd201ec723c74c7fe1ca06d525a43ed07b6d8e85/ruff-0.14.2.tar.gz", hash = "sha256:98da787668f239313d9c902ca7c523fe11b8ec3f39345553a51b25abc4629c96", size = 5539663, upload-time = "2025-10-23T19:37:00.956Z" }
wheels = [
    { url = "https://files.pythonhosted.org/packages/16/dd/23eb2db5ad9acae7c845700493b72d3ae214dce0b226f27df89216110f2b/ruff-0.14.2-py3-none-linux_armv6l.whl", hash = "sha256:7cbe4e593505bdec5884c2d0a4d791a90301bc23e49a6b1eb642dd85ef9c64f1", size = 12533390, upload-time = "2025-10-23T19:36:18.044Z" },
    { url = "https://files.pythonhosted.org/packages/5a/8c/5f9acff43ddcf3f85130d0146d0477e28ccecc495f9f684f8f7119b74c0d/ruff-0.14.2-py3-none-macosx_10_12_x86_64.whl", hash = "sha256:8d54b561729cee92f8d89c316ad7a3f9705533f5903b042399b6ae0ddfc62e11", size = 12887187, upload-time = "2025-10-23T19:36:22.664Z" },
    { url = "https://files.pythonhosted.org/packages/99/fa/047646491479074029665022e9f3dc6f0515797f40a4b6014ea8474c539d/ruff-0.14.2-py3-none-macosx_11_0_arm64.whl", hash = "sha256:5c8753dfa44ebb2cde10ce5b4d2ef55a41fb9d9b16732a2c5df64620dbda44a3", size = 11925177, upload-time = "2025-10-23T19:36:24.778Z" },
    { url = "https://files.pythonhosted.org/packages/15/8b/c44cf7fe6e59ab24a9d939493a11030b503bdc2a16622cede8b7b1df0114/ruff-0.14.2-py3-none-manylinux_2_17_aarch64.manylinux2014_aarch64.whl", hash = "sha256:3d0bbeffb8d9f4fccf7b5198d566d0bad99a9cb622f1fc3467af96cb8773c9e3", size = 12358285, upload-time = "2025-10-23T19:36:26.979Z" },
    { url = "https://files.pythonhosted.org/packages/45/01/47701b26254267ef40369aea3acb62a7b23e921c27372d127e0f3af48092/ruff-0.14.2-py3-none-manylinux_2_17_armv7l.manylinux2014_armv7l.whl", hash = "sha256:7047f0c5a713a401e43a88d36843d9c83a19c584e63d664474675620aaa634a8", size = 12303832, upload-time = "2025-10-23T19:36:29.192Z" },
    { url = "https://files.pythonhosted.org/packages/2d/5c/ae7244ca4fbdf2bee9d6405dcd5bc6ae51ee1df66eb7a9884b77b8af856d/ruff-0.14.2-py3-none-manylinux_2_17_i686.manylinux2014_i686.whl", hash = "sha256:3bf8d2f9aa1602599217d82e8e0af7fd33e5878c4d98f37906b7c93f46f9a839", size = 13036995, upload-time = "2025-10-23T19:36:31.861Z" },
    { url = "https://files.pythonhosted.org/packages/27/4c/0860a79ce6fd4c709ac01173f76f929d53f59748d0dcdd662519835dae43/ruff-0.14.2-py3-none-manylinux_2_17_ppc64.manylinux2014_ppc64.whl", hash = "sha256:1c505b389e19c57a317cf4b42db824e2fca96ffb3d86766c1c9f8b96d32048a7", size = 14512649, upload-time = "2025-10-23T19:36:33.915Z" },
    { url = "https://files.pythonhosted.org/packages/7f/7f/d365de998069720a3abfc250ddd876fc4b81a403a766c74ff9bde15b5378/ruff-0.14.2-py3-none-manylinux_2_17_ppc64le.manylinux2014_ppc64le.whl", hash = "sha256:a307fc45ebd887b3f26b36d9326bb70bf69b01561950cdcc6c0bdf7bb8e0f7cc", size = 14088182, upload-time = "2025-10-23T19:36:36.983Z" },
    { url = "https://files.pythonhosted.org/packages/6c/ea/d8e3e6b209162000a7be1faa41b0a0c16a133010311edc3329753cc6596a/ruff-0.14.2-py3-none-manylinux_2_17_s390x.manylinux2014_s390x.whl", hash = "sha256:61ae91a32c853172f832c2f40bd05fd69f491db7289fb85a9b941ebdd549781a", size = 13599516, upload-time = "2025-10-23T19:36:39.208Z" },
    { url = "https://files.pythonhosted.org/packages/fa/ea/c7810322086db68989fb20a8d5221dd3b79e49e396b01badca07b433ab45/ruff-0.14.2-py3-none-manylinux_2_17_x86_64.manylinux2014_x86_64.whl", hash = "sha256:bc1967e40286f63ee23c615e8e7e98098dedc7301568bd88991f6e544d8ae096", size = 13272690, upload-time = "2025-10-23T19:36:41.453Z" },
    { url = "https://files.pythonhosted.org/packages/a9/39/10b05acf8c45786ef501d454e00937e1b97964f846bf28883d1f9619928a/ruff-0.14.2-py3-none-manylinux_2_31_riscv64.whl", hash = "sha256:2877f02119cdebf52a632d743a2e302dea422bfae152ebe2f193d3285a3a65df", size = 13496497, upload-time = "2025-10-23T19:36:43.61Z" },
    { url = "https://files.pythonhosted.org/packages/59/a1/1f25f8301e13751c30895092485fada29076e5e14264bdacc37202e85d24/ruff-0.14.2-py3-none-musllinux_1_2_aarch64.whl", hash = "sha256:e681c5bc777de5af898decdcb6ba3321d0d466f4cb43c3e7cc2c3b4e7b843a05", size = 12266116, upload-time = "2025-10-23T19:36:45.625Z" },
    { url = "https://files.pythonhosted.org/packages/5c/fa/0029bfc9ce16ae78164e6923ef392e5f173b793b26cc39aa1d8b366cf9dc/ruff-0.14.2-py3-none-musllinux_1_2_armv7l.whl", hash = "sha256:e21be42d72e224736f0c992cdb9959a2fa53c7e943b97ef5d081e13170e3ffc5", size = 12281345, upload-time = "2025-10-23T19:36:47.618Z" },
    { url = "https://files.pythonhosted.org/packages/a5/ab/ece7baa3c0f29b7683be868c024f0838770c16607bea6852e46b202f1ff6/ruff-0.14.2-py3-none-musllinux_1_2_i686.whl", hash = "sha256:b8264016f6f209fac16262882dbebf3f8be1629777cf0f37e7aff071b3e9b92e", size = 12629296, upload-time = "2025-10-23T19:36:49.789Z" },
    { url = "https://files.pythonhosted.org/packages/a4/7f/638f54b43f3d4e48c6a68062794e5b367ddac778051806b9e235dfb7aa81/ruff-0.14.2-py3-none-musllinux_1_2_x86_64.whl", hash = "sha256:5ca36b4cb4db3067a3b24444463ceea5565ea78b95fe9a07ca7cb7fd16948770", size = 13371610, upload-time = "2025-10-23T19:36:51.882Z" },
    { url = "https://files.pythonhosted.org/packages/8d/35/3654a973ebe5b32e1fd4a08ed2d46755af7267da7ac710d97420d7b8657d/ruff-0.14.2-py3-none-win32.whl", hash = "sha256:41775927d287685e08f48d8eb3f765625ab0b7042cc9377e20e64f4eb0056ee9", size = 12415318, upload-time = "2025-10-23T19:36:53.961Z" },
    { url = "https://files.pythonhosted.org/packages/71/30/3758bcf9e0b6a4193a6f51abf84254aba00887dfa8c20aba18aa366c5f57/ruff-0.14.2-py3-none-win_amd64.whl", hash = "sha256:0df3424aa5c3c08b34ed8ce099df1021e3adaca6e90229273496b839e5a7e1af", size = 13565279, upload-time = "2025-10-23T19:36:56.578Z" },
    { url = "https://files.pythonhosted.org/packages/2e/5d/aa883766f8ef9ffbe6aa24f7192fb71632f31a30e77eb39aa2b0dc4290ac/ruff-0.14.2-py3-none-win_arm64.whl", hash = "sha256:ea9d635e83ba21569fbacda7e78afbfeb94911c9434aff06192d9bc23fd5495a", size = 12554956, upload-time = "2025-10-23T19:36:58.714Z" },
]

[[package]]
name = "urllib3"
version = "2.5.0"
source = { registry = "https://pypi.org/simple" }
sdist = { url = "https://files.pythonhosted.org/packages/15/22/9ee70a2574a4f4599c47dd506532914ce044817c7752a79b6a51286319bc/urllib3-2.5.0.tar.gz", hash = "sha256:3fc47733c7e419d4bc3f6b3dc2b4f890bb743906a30d56ba4a5bfa4bbff92760", size = 393185, upload-time = "2025-06-18T14:07:41.644Z" }
wheels = [
    { url = "https://files.pythonhosted.org/packages/a7/c2/fe1e52489ae3122415c51f387e221dd0773709bad6c6cdaa599e8a2c5185/urllib3-2.5.0-py3-none-any.whl", hash = "sha256:e6b01673c0fa6a13e374b50871808eb3bf7046c4b125b216f6bf1cc604cff0dc", size = 129795, upload-time = "2025-06-18T14:07:40.39Z" },
]
