[[tools.jq]]
version = "1.8.1"
backend = "aqua:jqlang/jq"
"platforms.linux-arm64" = { checksum = "sha256:6bc62f25981328edd3cfcfe6fe51b073f2d7e7710d7ef7fcdac28d4e384fc3d4", url = "https://github.com/jqlang/jq/releases/download/jq-1.8.1/jq-linux-arm64"}
"platforms.linux-x64" = { checksum = "sha256:020468de7539ce70ef1bceaf7cde2e8c4f2ca6c3afb84642aabc5c97d9fc2a0d", url = "https://github.com/jqlang/jq/releases/download/jq-1.8.1/jq-linux-amd64"}
"platforms.macos-arm64" = { checksum = "sha256:a9fe3ea2f86dfc72f6728417521ec9067b343277152b114f4e98d8cb0e263603", url = "https://github.com/jqlang/jq/releases/download/jq-1.8.1/jq-macos-arm64"}
"platforms.macos-x64" = { checksum = "sha256:e80dbe0d2a2597e3c11c404f03337b981d74b4a8504b70586c354b7697a7c27f", url = "https://github.com/jqlang/jq/releases/download/jq-1.8.1/jq-macos-amd64"}
"platforms.windows-x64" = { checksum = "sha256:23cb60a1354eed6bcc8d9b9735e8c7b388cd1fdcb75726b93bc299ef22dd9334", url = "https://github.com/jqlang/jq/releases/download/jq-1.8.1/jq-windows-amd64.exe"}

[[tools.uv]]
version = "0.9.27"
backend = "aqua:astral-sh/uv"
"platforms.linux-arm64" = { checksum = "sha256:f80e97e1154a06e42143a173831289336ca9e34a67096ab070346958153e8e52", url = "https://github.com/astral-sh/uv/releases/download/0.9.27/uv-aarch64-unknown-linux-musl.tar.gz"}
"platforms.linux-x64" = { checksum = "sha256:9f269bfb9c2e80808c373902af6a4af6cd5f4b4668b28c44aa09639cfed925c5", url = "https://github.com/astral-sh/uv/releases/download/0.9.27/uv-x86_64-unknown-linux-musl.tar.gz"}
"platforms.macos-arm64" = { checksum = "sha256:1359538ed8664d172692cf4719ee0933a4a3bfb22fc91b0be1e19e7bdd8f5ef3", url = "https://github.com/astral-sh/uv/releases/download/0.9.27/uv-aarch64-apple-darwin.tar.gz"}
"platforms.macos-x64" = { checksum = "sha256:3977309c5c79984c13c55d2d1cd7aa114a718eb29436c5bdb4bdfa08bf243438", url = "https://github.com/astral-sh/uv/releases/download/0.9.27/uv-x86_64-apple-darwin.tar.gz"}
"platforms.windows-x64" = { checksum = "sha256:c3bf465d5f2b93c836f369aec9f3fa8350843f24abd5f710bb74e72440b82898", url = "https://github.com/astral-sh/uv/releases/download/0.9.27/uv-x86_64-pc-windows-msvc.zip"}
